github.com/creachadair/atomicfile v0.4.2 h1:pSSsKxmUefqCTg+QgyCG2bw1KmsB76apBL4lhJjichI=
github.com/creachadair/atomicfile v0.4.2/go.mod h1:ts9VunJluQvSXtkrl0YlDn9ckZaS+eMkBW2g20gB5II=
github.com/creachadair/goflags v0.2.0 h1:rbxqkew3pwEY52VjZox+ppT3nZWjZYIKzW7B2xsW1h4=
github.com/creachadair/goflags v0.2.0/go.mod h1:/D+gfLgy78/k8H4kK0U2yNo/sRxRALL3SsLBCuQXjjg=
github.com/creachadair/mds v0.29.2 h1:1IBhfyolZUCA53twI1hXembOdpIe4bJ4OGJELBbGrN4=
github.com/creachadair/mds v0.29.2/go.mod h1:dMBTCSy3iS3dwh4Rb1zxeZz2d7K8+N24GCTsayWtQRI=
