github.com/creachadair/atomicfile v0.4.0 h1:umZ+njabCI7eeMLWXFRuUy83iQSiA8qnUj8MH04pfbM=
github.com/creachadair/atomicfile v0.4.0/go.mod h1:OyQCzy3n5KhEXHcHxSzZ7BbRt7QmeVkaiMJmtENydDI=
github.com/creachadair/goflags v0.2.0 h1:rbxqkew3pwEY52VjZox+ppT3nZWjZYIKzW7B2xsW1h4=
github.com/creachadair/goflags v0.2.0/go.mod h1:/D+gfLgy78/k8H4kK0U2yNo/sRxRALL3SsLBCuQXjjg=
github.com/creachadair/mds v0.25.6 h1:l1MkbdJmhqXTpm92VWYTb0/s0wsiZSKKc/VKU0lf2bA=
github.com/creachadair/mds v0.25.6/go.mod h1:4hatI3hRM+qhzuAmqPRFvaBM8mONkS7nsLxkcuTYUIs=
